{
  "name": "v6",
  "version": "1.0.0",
  "lockfileVersion": 3,
  "requires": true,
  "packages": {
    "": {
      "name": "v6",
      "version": "1.0.0",
      "license": "ISC",
      "dependencies": {
        "@authgear/web": "^5.0.1"
      }
    },
    "node_modules/@authgear/web": {
      "version": "5.0.1",
      "resolved": "https://registry.npmjs.org/@authgear/web/-/web-5.0.1.tgz",
      "integrity": "sha512-czSN9aiF8YKYTcJChIvbmd3SGPSq6DYcY42WM9KS7zZbTbDgDlxc80HK3i6zkjyBdfTlXomqL+HE3znrfpivOA==",
      "license": "Apache-2.0"
    }
  }
}
